
Microsoft Visual Studio Solution File, Format Version 12.00
Project("{FAE04EC0-301F-11D3-BF4B-00C04F79EFBC}") = "ProiectMediiSiProgramare", "ProiectMediiSiProgramare\ProiectMediiSiProgramare.csproj", "{D3F4D4E7-0469-4672-BF07-AA10AAB6D6E5}"
EndProject
Global

	GlobalSection(SolutionConfigurationPlatforms) = preSolution
		Debug|Any CPU = Debug|Any CPU
		Release|Any CPU = Release|Any CPU
	EndGlobalSection
	GlobalSection(ProjectConfigurationPlatforms) = postSolution
		{D3F4D4E7-0469-4672-BF07-AA10AAB6D6E5}.Debug|Any CPU.ActiveCfg = Debug|Any CPU
		{D3F4D4E7-0469-4672-BF07-AA10AAB6D6E5}.Debug|Any CPU.Build.0 = Debug|Any CPU
		{D3F4D4E7-0469-4672-BF07-AA10AAB6D6E5}.Release|Any CPU.ActiveCfg = Release|Any CPU
		{D3F4D4E7-0469-4672-BF07-AA10AAB6D6E5}.Release|Any CPU.Build.0 = Release|Any CPU
	EndGlobalSection
EndGlobal
